// !$*UTF8*$!
{
	archiveVersion = 1;
	classes = {
	};
	objectVersion = 56;
	objects = {

/* Begin PBXBuildFile section */
		EDA4277C291D2D4500C3D557 /* AppDelegate.swift in Sources */ = {isa = PBXBuildFile; fileRef = EDA4277B291D2D4500C3D557 /* AppDelegate.swift */; };
		EDA4277E291D2D4500C3D557 /* SceneDelegate.swift in Sources */ = {isa = PBXBuildFile; fileRef = EDA4277D291D2D4500C3D557 /* SceneDelegate.swift */; };
		EDA42780291D2D4500C3D557 /* ViewController.swift in Sources */ = {isa = PBXBuildFile; fileRef = EDA4277F291D2D4500C3D557 /* ViewController.swift */; };
		EDA42783291D2D4500C3D557 /* Main.storyboard in Resources */ = {isa = PBXBuildFile; fileRef = EDA42781291D2D4500C3D557 /* Main.storyboard */; };
		EDA42785291D2D4700C3D557 /* Assets.xcassets in Resources */ = {isa = PBXBuildFile; fileRef = EDA42784291D2D4700C3D557 /* Assets.xcassets */; };
		EDA42788291D2D4700C3D557 /* LaunchScreen.storyboard in Resources */ = {isa = PBXBuildFile; fileRef = EDA42786291D2D4700C3D557 /* LaunchScreen.storyboard */; };
		EDA42790291D2DF500C3D557 /* CoinManager.swift in Sources */ = {isa = PBXBuildFile; fileRef = EDA4278F291D2DF500C3D557 /* CoinManager.swift */; };
		EDA42792291D3E8300C3D557 /* CoinData.swift in Sources */ = {isa = PBXBuildFile; fileRef = EDA42791291D3E8300C3D557 /* CoinData.swift */; };
		EDA42795291D411B00C3D557 /* CoinModel.swift in Sources */ = {isa = PBXBuildFile; fileRef = EDA42794291D411B00C3D557 /* CoinModel.swift */; };
/* End PBXBuildFile section */

/* Begin PBXFileReference section */
		EDA42778291D2D4500C3D557 /* Bitcoin Tracker App.app */ = {isa = PBXFileReference; explicitFileType = wrapper.application; includeInIndex = 0; path = "Bitcoin Tracker App.app"; sourceTree = BUILT_PRODUCTS_DIR; };
		EDA4277B291D2D4500C3D557 /* AppDelegate.swift */ = {isa = PBXFileReference; lastKnownFileType = sourcecode.swift; path = AppDelegate.swift; sourceTree = "<group>"; };
		EDA4277D291D2D4500C3D557 /* SceneDelegate.swift */ = {isa = PBXFileReference; lastKnownFileType = sourcecode.swift; path = SceneDelegate.swift; sourceTree = "<group>"; };
		EDA4277F291D2D4500C3D557 /* ViewController.swift */ = {isa = PBXFileReference; lastKnownFileType = sourcecode.swift; path = ViewController.swift; sourceTree = "<group>"; };
		EDA42782291D2D4500C3D557 /* Base */ = {isa = PBXFileReference; lastKnownFileType = file.storyboard; name = Base; path = Base.lproj/Main.storyboard; sourceTree = "<group>"; };
		EDA42784291D2D4700C3D557 /* Assets.xcassets */ = {isa = PBXFileReference; lastKnownFileType = folder.assetcatalog; path = Assets.xcassets; sourceTree = "<group>"; };
		EDA42787291D2D4700C3D557 /* Base */ = {isa = PBXFileReference; lastKnownFileType = file.storyboard; name = Base; path = Base.lproj/LaunchScreen.storyboard; sourceTree = "<group>"; };
		EDA42789291D2D4700C3D557 /* Info.plist */ = {isa = PBXFileReference; lastKnownFileType = text.plist.xml; path = Info.plist; sourceTree = "<group>"; };
		EDA4278F291D2DF500C3D557 /* CoinManager.swift */ = {isa = PBXFileReference; lastKnownFileType = sourcecode.swift; path = CoinManager.swift; sourceTree = "<group>"; };
		EDA42791291D3E8300C3D557 /* CoinData.swift */ = {isa = PBXFileReference; lastKnownFileType = sourcecode.swift; path = CoinData.swift; sourceTree = "<group>"; };
		EDA42794291D411B00C3D557 /* CoinModel.swift */ = {isa = PBXFileReference; lastKnownFileType = sourcecode.swift; path = CoinModel.swift; sourceTree = "<group>"; };
/* End PBXFileReference section */

/* Begin PBXFrameworksBuildPhase section */
		EDA42775291D2D4500C3D557 /* Frameworks */ = {
			isa = PBXFrameworksBuildPhase;
			buildActionMask = 2147483647;
			files = (
			);
			runOnlyForDeploymentPostprocessing = 0;
		};
/* End PBXFrameworksBuildPhase section */

/* Begin PBXGroup section */
		EDA4276F291D2D4500C3D557 = {
			isa = PBXGroup;
			children = (
				EDA4277A291D2D4500C3D557 /* Bitcoin Tracker App */,
				EDA42779291D2D4500C3D557 /* Products */,
			);
			sourceTree = "<group>";
		};
		EDA42779291D2D4500C3D557 /* Products */ = {
			isa = PBXGroup;
			children = (
				EDA42778291D2D4500C3D557 /* Bitcoin Tracker App.app */,
			);
			name = Products;
			sourceTree = "<group>";
		};
		EDA4277A291D2D4500C3D557 /* Bitcoin Tracker App */ = {
			isa = PBXGroup;
			children = (
				EDA4277D291D2D4500C3D557 /* SceneDelegate.swift */,
				EDA4277B291D2D4500C3D557 /* AppDelegate.swift */,
				EDA42793291D410100C3D557 /* Model */,
				EDA42796291D5E0200C3D557 /* Controller */,
				EDA42797291D5E0800C3D557 /* View */,
				EDA42784291D2D4700C3D557 /* Assets.xcassets */,
				EDA42786291D2D4700C3D557 /* LaunchScreen.storyboard */,
				EDA42789291D2D4700C3D557 /* Info.plist */,
			);
			path = "Bitcoin Tracker App";
			sourceTree = "<group>";
		};
		EDA42793291D410100C3D557 /* Model */ = {
			isa = PBXGroup;
			children = (
				EDA42791291D3E8300C3D557 /* CoinData.swift */,
				EDA4278F291D2DF500C3D557 /* CoinManager.swift */,
				EDA42794291D411B00C3D557 /* CoinModel.swift */,
			);
			path = Model;
			sourceTree = "<group>";
		};
		EDA42796291D5E0200C3D557 /* Controller */ = {
			isa = PBXGroup;
			children = (
				EDA4277F291D2D4500C3D557 /* ViewController.swift */,
			);
			path = Controller;
			sourceTree = "<group>";
		};
		EDA42797291D5E0800C3D557 /* View */ = {
			isa = PBXGroup;
			children = (
				EDA42781291D2D4500C3D557 /* Main.storyboard */,
			);
			path = View;
			sourceTree = "<group>";
		};
/* End PBXGroup section */

/* Begin PBXNativeTarget section */
		EDA42777291D2D4500C3D557 /* Bitcoin Tracker App */ = {
			isa = PBXNativeTarget;
			buildConfigurationList = EDA4278C291D2D4700C3D557 /* Build configuration list for PBXNativeTarget "Bitcoin Tracker App" */;
			buildPhases = (
				EDA42774291D2D4500C3D557 /* Sources */,
				EDA42775291D2D4500C3D557 /* Frameworks */,
				EDA42776291D2D4500C3D557 /* Resources */,
			);
			buildRules = (
			);
			dependencies = (
			);
			name = "Bitcoin Tracker App";
			productName = "Bitcoin Tracker App";
			productReference = EDA42778291D2D4500C3D557 /* Bitcoin Tracker App.app */;
			productType = "com.apple.product-type.application";
		};
/* End PBXNativeTarget section */

/* Begin PBXProject section */
		EDA42770291D2D4500C3D557 /* Project object */ = {
			isa = PBXProject;
			attributes = {
				BuildIndependentTargetsInParallel = 1;
				LastSwiftUpdateCheck = 1400;
				LastUpgradeCheck = 1400;
				TargetAttributes = {
					EDA42777291D2D4500C3D557 = {
						CreatedOnToolsVersion = 14.0.1;
					};
				};
			};
			buildConfigurationList = EDA42773291D2D4500C3D557 /* Build configuration list for PBXProject "Bitcoin Tracker App" */;
			compatibilityVersion = "Xcode 14.0";
			developmentRegion = en;
			hasScannedForEncodings = 0;
			knownRegions = (
				en,
				Base,
			);
			mainGroup = EDA4276F291D2D4500C3D557;
			productRefGroup = EDA42779291D2D4500C3D557 /* Products */;
			projectDirPath = "";
			projectRoot = "";
			targets = (
				EDA42777291D2D4500C3D557 /* Bitcoin Tracker App */,
			);
		};
/* End PBXProject section */

/* Begin PBXResourcesBuildPhase section */
		EDA42776291D2D4500C3D557 /* Resources */ = {
			isa = PBXResourcesBuildPhase;
			buildActionMask = 2147483647;
			files = (
				EDA42788291D2D4700C3D557 /* LaunchScreen.storyboard in Resources */,
				EDA42785291D2D4700C3D557 /* Assets.xcassets in Resources */,
				EDA42783291D2D4500C3D557 /* Main.storyboard in Resources */,
			);
			runOnlyForDeploymentPostprocessing = 0;
		};
/* End PBXResourcesBuildPhase section */

/* Begin PBXSourcesBuildPhase section */
		EDA42774291D2D4500C3D557 /* Sources */ = {
			isa = PBXSourcesBuildPhase;
			buildActionMask = 2147483647;
			files = (
				EDA42792291D3E8300C3D557 /* CoinData.swift in Sources */,
				EDA42780291D2D4500C3D557 /* ViewController.swift in Sources */,
				EDA42795291D411B00C3D557 /* CoinModel.swift in Sources */,
				EDA4277C291D2D4500C3D557 /* AppDelegate.swift in Sources */,
				EDA4277E291D2D4500C3D557 /* SceneDelegate.swift in Sources */,
				EDA42790291D2DF500C3D557 /* CoinManager.swift in Sources */,
			);
			runOnlyForDeploymentPostprocessing = 0;
		};
/* End PBXSourcesBuildPhase section */

/* Begin PBXVariantGroup section */
		EDA42781291D2D4500C3D557 /* Main.storyboard */ = {
			isa = PBXVariantGroup;
			children = (
				EDA42782291D2D4500C3D557 /* Base */,
			);
			name = Main.storyboard;
			sourceTree = "<group>";
		};
		EDA42786291D2D4700C3D557 /* LaunchScreen.storyboard */ = {
			isa = PBXVariantGroup;
			children = (
				EDA42787291D2D4700C3D557 /* Base */,
			);
			name = LaunchScreen.storyboard;
			sourceTree = "<group>";
		};
/* End PBXVariantGroup section */

/* Begin XCBuildConfiguration section */
		EDA4278A291D2D4700C3D557 /* Debug */ = {
			isa = XCBuildConfiguration;
			buildSettings = {
				ALWAYS_SEARCH_USER_PATHS = NO;
				CLANG_ANALYZER_NONNULL = YES;
				CLANG_ANALYZER_NUMBER_OBJECT_CONVERSION = YES_AGGRESSIVE;
				CLANG_CXX_LANGUAGE_STANDARD = "gnu++20";
				CLANG_ENABLE_MODULES = YES;
				CLANG_ENABLE_OBJC_ARC = YES;
				CLANG_ENABLE_OBJC_WEAK = YES;
				CLANG_WARN_BLOCK_CAPTURE_AUTORELEASING = YES;
				CLANG_WARN_BOOL_CONVERSION = YES;
				CLANG_WARN_COMMA = YES;
				CLANG_WARN_CONSTANT_CONVERSION = YES;
				CLANG_WARN_DEPRECATED_OBJC_IMPLEMENTATIONS = YES;
				CLANG_WARN_DIRECT_OBJC_ISA_USAGE = YES_ERROR;
				CLANG_WARN_DOCUMENTATION_COMMENTS = YES;
				CLANG_WARN_EMPTY_BODY = YES;
				CLANG_WARN_ENUM_CONVERSION = YES;
				CLANG_WARN_INFINITE_RECURSION = YES;
				CLANG_WARN_INT_CONVERSION = YES;
				CLANG_WARN_NON_LITERAL_NULL_CONVERSION = YES;
				CLANG_WARN_OBJC_IMPLICIT_RETAIN_SELF = YES;
				CLANG_WARN_OBJC_LITERAL_CONVERSION = YES;
				CLANG_WARN_OBJC_ROOT_CLASS = YES_ERROR;
				CLANG_WARN_QUOTED_INCLUDE_IN_FRAMEWORK_HEADER = YES;
				CLANG_WARN_RANGE_LOOP_ANALYSIS = YES;
				CLANG_WARN_STRICT_PROTOTYPES = YES;
				CLANG_WARN_SUSPICIOUS_MOVE = YES;
				CLANG_WARN_UNGUARDED_AVAILABILITY = YES_AGGRESSIVE;
				CLANG_WARN_UNREACHABLE_CODE = YES;
				CLANG_WARN__DUPLICATE_METHOD_MATCH = YES;
				COPY_PHASE_STRIP = NO;
				DEBUG_INFORMATION_FORMAT = dwarf;
				ENABLE_STRICT_OBJC_MSGSEND = YES;
				ENABLE_TESTABILITY = YES;
				GCC_C_LANGUAGE_STANDARD = gnu11;
				GCC_DYNAMIC_NO_PIC = NO;
				GCC_NO_COMMON_BLOCKS = YES;
				GCC_OPTIMIZATION_LEVEL = 0;
				GCC_PREPROCESSOR_DEFINITIONS = (
					"DEBUG=1",
					"$(inherited)",
				);
				GCC_WARN_64_TO_32_BIT_CONVERSION = YES;
				GCC_WARN_ABOUT_RETURN_TYPE = YES_ERROR;
				GCC_WARN_UNDECLARED_SELECTOR = YES;
				GCC_WARN_UNINITIALIZED_AUTOS = YES_AGGRESSIVE;
				GCC_WARN_UNUSED_FUNCTION = YES;
				GCC_WARN_UNUSED_VARIABLE = YES;
				IPHONEOS_DEPLOYMENT_TARGET = 16.0;
				MTL_ENABLE_DEBUG_INFO = INCLUDE_SOURCE;
				MTL_FAST_MATH = YES;
				ONLY_ACTIVE_ARCH = YES;
				SDKROOT = iphoneos;
				SWIFT_ACTIVE_COMPILATION_CONDITIONS = DEBUG;
				SWIFT_OPTIMIZATION_LEVEL = "-Onone";
			};
			name = Debug;
		};
		EDA4278B291D2D4700C3D557 /* Release */ = {
			isa = XCBuildConfiguration;
			buildSettings = {
				ALWAYS_SEARCH_USER_PATHS = NO;
				CLANG_ANALYZER_NONNULL = YES;
				CLANG_ANALYZER_NUMBER_OBJECT_CONVERSION = YES_AGGRESSIVE;
				CLANG_CXX_LANGUAGE_STANDARD = "gnu++20";
				CLANG_ENABLE_MODULES = YES;
				CLANG_ENABLE_OBJC_ARC = YES;
				CLANG_ENABLE_OBJC_WEAK = YES;
				CLANG_WARN_BLOCK_CAPTURE_AUTORELEASING = YES;
				CLANG_WARN_BOOL_CONVERSION = YES;
				CLANG_WARN_COMMA = YES;
				CLANG_WARN_CONSTANT_CONVERSION = YES;
				CLANG_WARN_DEPRECATED_OBJC_IMPLEMENTATIONS = YES;
				CLANG_WARN_DIRECT_OBJC_ISA_USAGE = YES_ERROR;
				CLANG_WARN_DOCUMENTATION_COMMENTS = YES;
				CLANG_WARN_EMPTY_BODY = YES;
				CLANG_WARN_ENUM_CONVERSION = YES;
				CLANG_WARN_INFINITE_RECURSION = YES;
				CLANG_WARN_INT_CONVERSION = YES;
				CLANG_WARN_NON_LITERAL_NULL_CONVERSION = YES;
				CLANG_WARN_OBJC_IMPLICIT_RETAIN_SELF = YES;
				CLANG_WARN_OBJC_LITERAL_CONVERSION = YES;
				CLANG_WARN_OBJC_ROOT_CLASS = YES_ERROR;
				CLANG_WARN_QUOTED_INCLUDE_IN_FRAMEWORK_HEADER = YES;
				CLANG_WARN_RANGE_LOOP_ANALYSIS = YES;
				CLANG_WARN_STRICT_PROTOTYPES = YES;
				CLANG_WARN_SUSPICIOUS_MOVE = YES;
				CLANG_WARN_UNGUARDED_AVAILABILITY = YES_AGGRESSIVE;
				CLANG_WARN_UNREACHABLE_CODE = YES;
				CLANG_WARN__DUPLICATE_METHOD_MATCH = YES;
				COPY_PHASE_STRIP = NO;
				DEBUG_INFORMATION_FORMAT = "dwarf-with-dsym";
				ENABLE_NS_ASSERTIONS = NO;
				ENABLE_STRICT_OBJC_MSGSEND = YES;
				GCC_C_LANGUAGE_STANDARD = gnu11;
				GCC_NO_COMMON_BLOCKS = YES;
				GCC_WARN_64_TO_32_BIT_CONVERSION = YES;
				GCC_WARN_ABOUT_RETURN_TYPE = YES_ERROR;
				GCC_WARN_UNDECLARED_SELECTOR = YES;
				GCC_WARN_UNINITIALIZED_AUTOS = YES_AGGRESSIVE;
				GCC_WARN_UNUSED_FUNCTION = YES;
				GCC_WARN_UNUSED_VARIABLE = YES;
				IPHONEOS_DEPLOYMENT_TARGET = 16.0;
				MTL_ENABLE_DEBUG_INFO = NO;
				MTL_FAST_MATH = YES;
				SDKROOT = iphoneos;
				SWIFT_COMPILATION_MODE = wholemodule;
				SWIFT_OPTIMIZATION_LEVEL = "-O";
				VALIDATE_PRODUCT = YES;
			};
			name = Release;
		};
		EDA4278D291D2D4700C3D557 /* Debug */ = {
			isa = XCBuildConfiguration;
			buildSettings = {
				ASSETCATALOG_COMPILER_APPICON_NAME = AppIcon;
				ASSETCATALOG_COMPILER_GLOBAL_ACCENT_COLOR_NAME = AccentColor;
				CODE_SIGN_STYLE = Automatic;
				CURRENT_PROJECT_VERSION = 1;
				GENERATE_INFOPLIST_FILE = YES;
				INFOPLIST_FILE = "Bitcoin Tracker App/Info.plist";
				INFOPLIST_KEY_UIApplicationSupportsIndirectInputEvents = YES;
				INFOPLIST_KEY_UILaunchStoryboardName = LaunchScreen;
				INFOPLIST_KEY_UIMainStoryboardFile = Main;
				INFOPLIST_KEY_UISupportedInterfaceOrientations_iPad = "UIInterfaceOrientationPortrait UIInterfaceOrientationPortraitUpsideDown UIInterfaceOrientationLandscapeLeft UIInterfaceOrientationLandscapeRight";
				INFOPLIST_KEY_UISupportedInterfaceOrientations_iPhone = "UIInterfaceOrientationPortrait UIInterfaceOrientationLandscapeLeft UIInterfaceOrientationLandscapeRight";
				LD_RUNPATH_SEARCH_PATHS = (
					"$(inherited)",
					"@executable_path/Frameworks",
				);
				MARKETING_VERSION = 1.0;
				PRODUCT_BUNDLE_IDENTIFIER = "com.msnbek.Bitcoin-Tracker-App";
				PRODUCT_NAME = "$(TARGET_NAME)";
				SWIFT_EMIT_LOC_STRINGS = YES;
				SWIFT_VERSION = 5.0;
				TARGETED_DEVICE_FAMILY = "1,2";
			};
			name = Debug;
		};
		EDA4278E291D2D4700C3D557 /* Release */ = {
			isa = XCBuildConfiguration;
			buildSettings = {
				ASSETCATALOG_COMPILER_APPICON_NAME = AppIcon;
				ASSETCATALOG_COMPILER_GLOBAL_ACCENT_COLOR_NAME = AccentColor;
				CODE_SIGN_STYLE = Automatic;
				CURRENT_PROJECT_VERSION = 1;
				GENERATE_INFOPLIST_FILE = YES;
				INFOPLIST_FILE = "Bitcoin Tracker App/Info.plist";
				INFOPLIST_KEY_UIApplicationSupportsIndirectInputEvents = YES;
				INFOPLIST_KEY_UILaunchStoryboardName = LaunchScreen;
				INFOPLIST_KEY_UIMainStoryboardFile = Main;
				INFOPLIST_KEY_UISupportedInterfaceOrientations_iPad = "UIInterfaceOrientationPortrait UIInterfaceOrientationPortraitUpsideDown UIInterfaceOrientationLandscapeLeft UIInterfaceOrientationLandscapeRight";
				INFOPLIST_KEY_UISupportedInterfaceOrientations_iPhone = "UIInterfaceOrientationPortrait UIInterfaceOrientationLandscapeLeft UIInterfaceOrientationLandscapeRight";
				LD_RUNPATH_SEARCH_PATHS = (
					"$(inherited)",
					"@executable_path/Frameworks",
				);
				MARKETING_VERSION = 1.0;
				PRODUCT_BUNDLE_IDENTIFIER = "com.msnbek.Bitcoin-Tracker-App";
				PRODUCT_NAME = "$(TARGET_NAME)";
				SWIFT_EMIT_LOC_STRINGS = YES;
				SWIFT_VERSION = 5.0;
				TARGETED_DEVICE_FAMILY = "1,2";
			};
			name = Release;
		};
/* End XCBuildConfiguration section */

/* Begin XCConfigurationList section */
		EDA42773291D2D4500C3D557 /* Build configuration list for PBXProject "Bitcoin Tracker App" */ = {
			isa = XCConfigurationList;
			buildConfigurations = (
				EDA4278A291D2D4700C3D557 /* Debug */,
				EDA4278B291D2D4700C3D557 /* Release */,
			);
			defaultConfigurationIsVisible = 0;
			defaultConfigurationName = Release;
		};
		EDA4278C291D2D4700C3D557 /* Build configuration list for PBXNativeTarget "Bitcoin Tracker App" */ = {
			isa = XCConfigurationList;
			buildConfigurations = (
				EDA4278D291D2D4700C3D557 /* Debug */,
				EDA4278E291D2D4700C3D557 /* Release */,
			);
			defaultConfigurationIsVisible = 0;
			defaultConfigurationName = Release;
		};
/* End XCConfigurationList section */
	};
	rootObject = EDA42770291D2D4500C3D557 /* Project object */;
}
